
Microsoft Visual Studio Solution File, Format Version 12.00
# Visual Studio Version 17
VisualStudioVersion = 17.8.34322.80
MinimumVisualStudioVersion = 10.0.40219.1
Project("{FAE04EC0-301F-11D3-BF4B-00C04F79EFBC}") = "Business", "Business\Business.csproj", "{AF03E658-B062-4881-BC4E-46F1797616BC}"
EndProject
Project("{FAE04EC0-301F-11D3-BF4B-00C04F79EFBC}") = "Core", "Core\Core.csproj", "{8CC340E6-88FD-47E8-8485-032A17A6025E}"
EndProject
Project("{FAE04EC0-301F-11D3-BF4B-00C04F79EFBC}") = "DataAccess", "DataAccess\DataAccess.csproj", "{577E032A-D082-483D-A10D-CC883991C619}"
EndProject
Project("{FAE04EC0-301F-11D3-BF4B-00C04F79EFBC}") = "Entities", "Entities\Entities.csproj", "{B9F2AC81-2B3B-4BF7-926F-73AD34802373}"
EndProject
Project("{FAE04EC0-301F-11D3-BF4B-00C04F79EFBC}") = "WebAPI", "WebAPI\WebAPI.csproj", "{6B0D8B3C-449A-4A88-BCF4-D281B49CFA70}"
EndProject
Global
	GlobalSection(SolutionConfigurationPlatforms) = preSolution
		Debug|Any CPU = Debug|Any CPU
		Release|Any CPU = Release|Any CPU
	EndGlobalSection
	GlobalSection(ProjectConfigurationPlatforms) = postSolution
		{AF03E658-B062-4881-BC4E-46F1797616BC}.Debug|Any CPU.ActiveCfg = Debug|Any CPU
		{AF03E658-B062-4881-BC4E-46F1797616BC}.Debug|Any CPU.Build.0 = Debug|Any CPU
		{AF03E658-B062-4881-BC4E-46F1797616BC}.Release|Any CPU.ActiveCfg = Release|Any CPU
		{AF03E658-B062-4881-BC4E-46F1797616BC}.Release|Any CPU.Build.0 = Release|Any CPU
		{8CC340E6-88FD-47E8-8485-032A17A6025E}.Debug|Any CPU.ActiveCfg = Debug|Any CPU
		{8CC340E6-88FD-47E8-8485-032A17A6025E}.Debug|Any CPU.Build.0 = Debug|Any CPU
		{8CC340E6-88FD-47E8-8485-032A17A6025E}.Release|Any CPU.ActiveCfg = Release|Any CPU
		{8CC340E6-88FD-47E8-8485-032A17A6025E}.Release|Any CPU.Build.0 = Release|Any CPU
		{577E032A-D082-483D-A10D-CC883991C619}.Debug|Any CPU.ActiveCfg = Debug|Any CPU
		{577E032A-D082-483D-A10D-CC883991C619}.Debug|Any CPU.Build.0 = Debug|Any CPU
		{577E032A-D082-483D-A10D-CC883991C619}.Release|Any CPU.ActiveCfg = Release|Any CPU
		{577E032A-D082-483D-A10D-CC883991C619}.Release|Any CPU.Build.0 = Release|Any CPU
		{B9F2AC81-2B3B-4BF7-926F-73AD34802373}.Debug|Any CPU.ActiveCfg = Debug|Any CPU
		{B9F2AC81-2B3B-4BF7-926F-73AD34802373}.Debug|Any CPU.Build.0 = Debug|Any CPU
		{B9F2AC81-2B3B-4BF7-926F-73AD34802373}.Release|Any CPU.ActiveCfg = Release|Any CPU
		{B9F2AC81-2B3B-4BF7-926F-73AD34802373}.Release|Any CPU.Build.0 = Release|Any CPU
		{6B0D8B3C-449A-4A88-BCF4-D281B49CFA70}.Debug|Any CPU.ActiveCfg = Debug|Any CPU
		{6B0D8B3C-449A-4A88-BCF4-D281B49CFA70}.Debug|Any CPU.Build.0 = Debug|Any CPU
		{6B0D8B3C-449A-4A88-BCF4-D281B49CFA70}.Release|Any CPU.ActiveCfg = Release|Any CPU
		{6B0D8B3C-449A-4A88-BCF4-D281B49CFA70}.Release|Any CPU.Build.0 = Release|Any CPU
	EndGlobalSection
	GlobalSection(SolutionProperties) = preSolution
		HideSolutionNode = FALSE
	EndGlobalSection
	GlobalSection(ExtensibilityGlobals) = postSolution
		SolutionGuid = {F55E9CC1-127D-46C7-BC0E-2A62E3051CDF}
	EndGlobalSection
EndGlobal
